
Microsoft Visual Studio Solution File, Format Version 12.00
# Visual Studio 15
VisualStudioVersion = 15.0.27130.2027
MinimumVisualStudioVersion = 10.0.40219.1
Project("{FAE04EC0-301F-11D3-BF4B-00C04F79EFBC}") = "TokenCalculator", "TokenCalculator\TokenCalculator.csproj", "{0E3925EC-A671-4BC2-9934-1B2DED4497A6}"
EndProject
Project("{FAE04EC0-301F-11D3-BF4B-00C04F79EFBC}") = "TokenCalculatorTests", "TokenCalculatorTests\TokenCalculatorTests.csproj", "{EDCF42DA-B437-47FF-8629-4E7CB7667B26}"
EndProject
Global
	GlobalSection(SolutionConfigurationPlatforms) = preSolution
		Debug|Any CPU = Debug|Any CPU
		Release|Any CPU = Release|Any CPU
	EndGlobalSection
	GlobalSection(ProjectConfigurationPlatforms) = postSolution
		{0E3925EC-A671-4BC2-9934-1B2DED4497A6}.Debug|Any CPU.ActiveCfg = Debug|Any CPU
		{0E3925EC-A671-4BC2-9934-1B2DED4497A6}.Debug|Any CPU.Build.0 = Debug|Any CPU
		{0E3925EC-A671-4BC2-9934-1B2DED4497A6}.Release|Any CPU.ActiveCfg = Release|Any CPU
		{0E3925EC-A671-4BC2-9934-1B2DED4497A6}.Release|Any CPU.Build.0 = Release|Any CPU
		{EDCF42DA-B437-47FF-8629-4E7CB7667B26}.Debug|Any CPU.ActiveCfg = Debug|Any CPU
		{EDCF42DA-B437-47FF-8629-4E7CB7667B26}.Debug|Any CPU.Build.0 = Debug|Any CPU
		{EDCF42DA-B437-47FF-8629-4E7CB7667B26}.Release|Any CPU.ActiveCfg = Release|Any CPU
		{EDCF42DA-B437-47FF-8629-4E7CB7667B26}.Release|Any CPU.Build.0 = Release|Any CPU
	EndGlobalSection
	GlobalSection(SolutionProperties) = preSolution
		HideSolutionNode = FALSE
	EndGlobalSection
	GlobalSection(ExtensibilityGlobals) = postSolution
		SolutionGuid = {02B82C70-3C65-4468-B355-D54ED6105695}
	EndGlobalSection
EndGlobal
